
Microsoft Visual Studio Solution File, Format Version 12.00
# Visual Studio Version 17
VisualStudioVersion = 17.0.31903.59
MinimumVisualStudioVersion = 10.0.40219.1
Project("{FAE04EC0-301F-11D3-BF4B-00C04F79EFBC}") = "Contracts", "Contracts\Contracts.csproj", "{28524132-64A6-483C-9860-8A5F6631C87E}"
EndProject
Project("{FAE04EC0-301F-11D3-BF4B-00C04F79EFBC}") = "LoggerService", "LoggerService\LoggerService.csproj", "{CDF20535-03DA-4F2E-8922-EBC121B1319C}"
EndProject
Project("{FAE04EC0-301F-11D3-BF4B-00C04F79EFBC}") = "CompanyEmployees", "CompanyEmployees\CompanyEmployees.csproj", "{13B3B0DD-BDE5-4EF9-9A70-6A3CA51C3082}"
EndProject
Project("{FAE04EC0-301F-11D3-BF4B-00C04F79EFBC}") = "Entitites", "Entitites\Entitites.csproj", "{B95007A6-1330-4F27-ABF8-67687AB04305}"
EndProject
Project("{FAE04EC0-301F-11D3-BF4B-00C04F79EFBC}") = "Repository", "Repository\Repository.csproj", "{A8E51388-D528-4063-B8B9-B8BCB89665C8}"
EndProject
Project("{FAE04EC0-301F-11D3-BF4B-00C04F79EFBC}") = "Service.Contracts", "Service.Contracts\Service.Contracts.csproj", "{FFE7BB51-FBB4-4A2D-A6B2-F080E4D4E1B1}"
EndProject
Project("{FAE04EC0-301F-11D3-BF4B-00C04F79EFBC}") = "Service", "Service\Service.csproj", "{94B5C658-5F6C-417C-B1CE-6B99AE5F0E46}"
EndProject
Project("{FAE04EC0-301F-11D3-BF4B-00C04F79EFBC}") = "CompanyEmployees.Presentation", "CompanyEmployees.Presentation\CompanyEmployees.Presentation.csproj", "{78FBE101-BA5D-4B3C-B95C-7F723E23247D}"
EndProject
Global
	GlobalSection(SolutionConfigurationPlatforms) = preSolution
		Debug|Any CPU = Debug|Any CPU
		Release|Any CPU = Release|Any CPU
	EndGlobalSection
	GlobalSection(ProjectConfigurationPlatforms) = postSolution
		{28524132-64A6-483C-9860-8A5F6631C87E}.Debug|Any CPU.ActiveCfg = Debug|Any CPU
		{28524132-64A6-483C-9860-8A5F6631C87E}.Debug|Any CPU.Build.0 = Debug|Any CPU
		{28524132-64A6-483C-9860-8A5F6631C87E}.Release|Any CPU.ActiveCfg = Release|Any CPU
		{28524132-64A6-483C-9860-8A5F6631C87E}.Release|Any CPU.Build.0 = Release|Any CPU
		{CDF20535-03DA-4F2E-8922-EBC121B1319C}.Debug|Any CPU.ActiveCfg = Debug|Any CPU
		{CDF20535-03DA-4F2E-8922-EBC121B1319C}.Debug|Any CPU.Build.0 = Debug|Any CPU
		{CDF20535-03DA-4F2E-8922-EBC121B1319C}.Release|Any CPU.ActiveCfg = Release|Any CPU
		{CDF20535-03DA-4F2E-8922-EBC121B1319C}.Release|Any CPU.Build.0 = Release|Any CPU
		{13B3B0DD-BDE5-4EF9-9A70-6A3CA51C3082}.Debug|Any CPU.ActiveCfg = Debug|Any CPU
		{13B3B0DD-BDE5-4EF9-9A70-6A3CA51C3082}.Debug|Any CPU.Build.0 = Debug|Any CPU
		{13B3B0DD-BDE5-4EF9-9A70-6A3CA51C3082}.Release|Any CPU.ActiveCfg = Release|Any CPU
		{13B3B0DD-BDE5-4EF9-9A70-6A3CA51C3082}.Release|Any CPU.Build.0 = Release|Any CPU
		{B95007A6-1330-4F27-ABF8-67687AB04305}.Debug|Any CPU.ActiveCfg = Debug|Any CPU
		{B95007A6-1330-4F27-ABF8-67687AB04305}.Debug|Any CPU.Build.0 = Debug|Any CPU
		{B95007A6-1330-4F27-ABF8-67687AB04305}.Release|Any CPU.ActiveCfg = Release|Any CPU
		{B95007A6-1330-4F27-ABF8-67687AB04305}.Release|Any CPU.Build.0 = Release|Any CPU
		{A8E51388-D528-4063-B8B9-B8BCB89665C8}.Debug|Any CPU.ActiveCfg = Debug|Any CPU
		{A8E51388-D528-4063-B8B9-B8BCB89665C8}.Debug|Any CPU.Build.0 = Debug|Any CPU
		{A8E51388-D528-4063-B8B9-B8BCB89665C8}.Release|Any CPU.ActiveCfg = Release|Any CPU
		{A8E51388-D528-4063-B8B9-B8BCB89665C8}.Release|Any CPU.Build.0 = Release|Any CPU
		{FFE7BB51-FBB4-4A2D-A6B2-F080E4D4E1B1}.Debug|Any CPU.ActiveCfg = Debug|Any CPU
		{FFE7BB51-FBB4-4A2D-A6B2-F080E4D4E1B1}.Debug|Any CPU.Build.0 = Debug|Any CPU
		{FFE7BB51-FBB4-4A2D-A6B2-F080E4D4E1B1}.Release|Any CPU.ActiveCfg = Release|Any CPU
		{FFE7BB51-FBB4-4A2D-A6B2-F080E4D4E1B1}.Release|Any CPU.Build.0 = Release|Any CPU
		{94B5C658-5F6C-417C-B1CE-6B99AE5F0E46}.Debug|Any CPU.ActiveCfg = Debug|Any CPU
		{94B5C658-5F6C-417C-B1CE-6B99AE5F0E46}.Debug|Any CPU.Build.0 = Debug|Any CPU
		{94B5C658-5F6C-417C-B1CE-6B99AE5F0E46}.Release|Any CPU.ActiveCfg = Release|Any CPU
		{94B5C658-5F6C-417C-B1CE-6B99AE5F0E46}.Release|Any CPU.Build.0 = Release|Any CPU
		{78FBE101-BA5D-4B3C-B95C-7F723E23247D}.Debug|Any CPU.ActiveCfg = Debug|Any CPU
		{78FBE101-BA5D-4B3C-B95C-7F723E23247D}.Debug|Any CPU.Build.0 = Debug|Any CPU
		{78FBE101-BA5D-4B3C-B95C-7F723E23247D}.Release|Any CPU.ActiveCfg = Release|Any CPU
		{78FBE101-BA5D-4B3C-B95C-7F723E23247D}.Release|Any CPU.Build.0 = Release|Any CPU
	EndGlobalSection
	GlobalSection(SolutionProperties) = preSolution
		HideSolutionNode = FALSE
	EndGlobalSection
EndGlobal
